
Microsoft Visual Studio Solution File, Format Version 12.00
# Visual Studio Version 17
VisualStudioVersion = 17.0.31903.59
MinimumVisualStudioVersion = 10.0.40219.1
Project("{2150E333-8FDC-42A3-9474-1A3956D46DE8}") = "src", "src", "{827E0CD3-B72D-47B6-A68D-7590B98EB39B}"
EndProject
Project("{2150E333-8FDC-42A3-9474-1A3956D46DE8}") = "Services", "Services", "{984BB9B3-3FA3-BE33-9484-CAC21695A33C}"
EndProject
Project("{2150E333-8FDC-42A3-9474-1A3956D46DE8}") = "Catalog", "Catalog", "{C91C1CF1-1625-0789-F869-53D87D6277BA}"
EndProject
Project("{FAE04EC0-301F-11D3-BF4B-00C04F79EFBC}") = "UrbanX.Services.Catalog", "src\Services\Catalog\UrbanX.Services.Catalog\UrbanX.Services.Catalog.csproj", "{BC4CCB0B-46BB-4EA4-BFE9-3EEEC895CD04}"
EndProject
Project("{2150E333-8FDC-42A3-9474-1A3956D46DE8}") = "Order", "Order", "{B851199A-4979-E597-3D50-97AC5992BBAF}"
EndProject
Project("{FAE04EC0-301F-11D3-BF4B-00C04F79EFBC}") = "UrbanX.Services.Order", "src\Services\Order\UrbanX.Services.Order\UrbanX.Services.Order.csproj", "{B1BCBFDD-3885-4983-9669-351EE4A2747A}"
EndProject
Project("{2150E333-8FDC-42A3-9474-1A3956D46DE8}") = "Merchant", "Merchant", "{402C50A5-F0DB-B2D0-D80B-AD8725DE1589}"
EndProject
Project("{FAE04EC0-301F-11D3-BF4B-00C04F79EFBC}") = "UrbanX.Services.Merchant", "src\Services\Merchant\UrbanX.Services.Merchant\UrbanX.Services.Merchant.csproj", "{2879BE0C-33C6-4A94-B8E4-7E9DB5BEB654}"
EndProject
Project("{2150E333-8FDC-42A3-9474-1A3956D46DE8}") = "Payment", "Payment", "{3FB03296-F262-2760-9861-73C41AF3766C}"
EndProject
Project("{FAE04EC0-301F-11D3-BF4B-00C04F79EFBC}") = "UrbanX.Services.Payment", "src\Services\Payment\UrbanX.Services.Payment\UrbanX.Services.Payment.csproj", "{4B7214FB-5E70-4039-8993-356E9DB34D23}"
EndProject
Project("{2150E333-8FDC-42A3-9474-1A3956D46DE8}") = "Identity", "Identity", "{1BFC9479-12BF-35C3-06B8-42D89D95092B}"
EndProject
Project("{FAE04EC0-301F-11D3-BF4B-00C04F79EFBC}") = "UrbanX.Services.Identity", "src\Services\Identity\UrbanX.Services.Identity\UrbanX.Services.Identity.csproj", "{9E27A629-FA81-4C87-9061-DDC4BE03472C}"
EndProject
Project("{2150E333-8FDC-42A3-9474-1A3956D46DE8}") = "Gateway", "Gateway", "{6306A8FB-679E-111F-6585-8F70E0EE6013}"
EndProject
Project("{FAE04EC0-301F-11D3-BF4B-00C04F79EFBC}") = "UrbanX.Gateway", "src\Gateway\UrbanX.Gateway\UrbanX.Gateway.csproj", "{6F2ED2EC-4242-4503-9594-1798CD55A4B5}"
EndProject
Project("{2150E333-8FDC-42A3-9474-1A3956D46DE8}") = "Shared", "Shared", "{C8E42992-5E42-0C2B-DBFE-AA848D06431C}"
EndProject
Project("{FAE04EC0-301F-11D3-BF4B-00C04F79EFBC}") = "UrbanX.Shared", "src\Shared\UrbanX.Shared\UrbanX.Shared.csproj", "{D16719B7-B33D-4A3C-A081-1235C14264E6}"
EndProject
Project("{2150E333-8FDC-42A3-9474-1A3956D46DE8}") = "AppHost", "AppHost", "{63882A7C-90E5-DEE3-63BB-E6ABDBC8A365}"
EndProject
Project("{FAE04EC0-301F-11D3-BF4B-00C04F79EFBC}") = "UrbanX.AppHost", "src\AppHost\UrbanX.AppHost\UrbanX.AppHost.csproj", "{FBE7D688-46EE-4CF7-A5E5-AFC13CB0F6D5}"
EndProject
Project("{2150E333-8FDC-42A3-9474-1A3956D46DE8}") = "ServiceDefaults", "ServiceDefaults", "{5FC1494C-0D8C-79D1-FFF2-37E95F57AB9F}"
EndProject
Project("{FAE04EC0-301F-11D3-BF4B-00C04F79EFBC}") = "UrbanX.ServiceDefaults", "src\ServiceDefaults\UrbanX.ServiceDefaults\UrbanX.ServiceDefaults.csproj", "{396317A6-ABA3-4922-A650-CAF13C48F82E}"
EndProject
Project("{2150E333-8FDC-42A3-9474-1A3956D46DE8}") = "tests", "tests", "{0AB3BF05-4346-4AA6-1389-037BE0695223}"
EndProject
Project("{FAE04EC0-301F-11D3-BF4B-00C04F79EFBC}") = "UrbanX.Services.Catalog.UnitTests", "tests\UrbanX.Services.Catalog.UnitTests\UrbanX.Services.Catalog.UnitTests.csproj", "{39273CDB-1B72-427B-BB27-62DE55C88F1A}"
EndProject
Project("{FAE04EC0-301F-11D3-BF4B-00C04F79EFBC}") = "UrbanX.Services.Order.UnitTests", "tests\UrbanX.Services.Order.UnitTests\UrbanX.Services.Order.UnitTests.csproj", "{E0F049E8-73D4-4D72-93FC-96E365195778}"
EndProject
Project("{FAE04EC0-301F-11D3-BF4B-00C04F79EFBC}") = "UrbanX.Services.Merchant.UnitTests", "tests\UrbanX.Services.Merchant.UnitTests\UrbanX.Services.Merchant.UnitTests.csproj", "{B62F6A8F-685D-49F8-B567-CA908D81F277}"
EndProject
Project("{FAE04EC0-301F-11D3-BF4B-00C04F79EFBC}") = "UrbanX.Services.Payment.UnitTests", "tests\UrbanX.Services.Payment.UnitTests\UrbanX.Services.Payment.UnitTests.csproj", "{2F45872C-C43A-41C0-8F90-0BB06EA6F829}"
EndProject
Project("{FAE04EC0-301F-11D3-BF4B-00C04F79EFBC}") = "UrbanX.ServiceDefaults.UnitTests", "tests\UrbanX.ServiceDefaults.UnitTests\UrbanX.ServiceDefaults.UnitTests.csproj", "{047C0B25-7454-4EA3-8417-5B0F3B227DA4}"
EndProject
Project("{FAE04EC0-301F-11D3-BF4B-00C04F79EFBC}") = "UrbanX.Services.Catalog.IntegrationTests", "tests\UrbanX.Services.Catalog.IntegrationTests\UrbanX.Services.Catalog.IntegrationTests.csproj", "{70BE84F2-FCDD-48DB-8F50-21C0997AC651}"
EndProject
Project("{FAE04EC0-301F-11D3-BF4B-00C04F79EFBC}") = "UrbanX.Services.Order.IntegrationTests", "tests\UrbanX.Services.Order.IntegrationTests\UrbanX.Services.Order.IntegrationTests.csproj", "{8D914193-3B58-4831-A63A-5C8DA2F7A23E}"
EndProject
Project("{FAE04EC0-301F-11D3-BF4B-00C04F79EFBC}") = "UrbanX.Services.Merchant.IntegrationTests", "tests\UrbanX.Services.Merchant.IntegrationTests\UrbanX.Services.Merchant.IntegrationTests.csproj", "{649B809F-AF89-48D0-A89D-74B01C4DE83E}"
EndProject
Project("{FAE04EC0-301F-11D3-BF4B-00C04F79EFBC}") = "UrbanX.Services.Payment.IntegrationTests", "tests\UrbanX.Services.Payment.IntegrationTests\UrbanX.Services.Payment.IntegrationTests.csproj", "{83801BE0-73F0-4CB3-9091-2839F296151F}"
EndProject
Project("{2150E333-8FDC-42A3-9474-1A3956D46DE8}") = "Frontend", "Frontend", "{42299874-777B-F2D0-9D08-D24097ABCE7E}"
EndProject
Project("{2150E333-8FDC-42A3-9474-1A3956D46DE8}") = "UrbanX.Frontend", "UrbanX.Frontend", "{F2B5AF3E-F4AB-EDEA-A92F-4D1219C52347}"
EndProject
Project("{FAE04EC0-301F-11D3-BF4B-00C04F79EFBC}") = "UrbanX.Frontend", "src\Frontend\UrbanX.Frontend\UrbanX.Frontend\UrbanX.Frontend.csproj", "{9DC4A4C6-8214-43EC-B555-E03AC1469F1A}"
EndProject
Project("{FAE04EC0-301F-11D3-BF4B-00C04F79EFBC}") = "UrbanX.Frontend.Client", "src\Frontend\UrbanX.Frontend\UrbanX.Frontend.Client\UrbanX.Frontend.Client.csproj", "{50265244-C78F-4C1D-B0D8-0A0A6862F047}"
EndProject
Project("{FAE04EC0-301F-11D3-BF4B-00C04F79EFBC}") = "UrbanX.Frontend.UnitTests", "tests\UrbanX.Frontend.UnitTests\UrbanX.Frontend.UnitTests.csproj", "{EE2ADC8B-25F5-47D4-A1B5-01FE9E162232}"
EndProject
Project("{2150E333-8FDC-42A3-9474-1A3956D46DE8}") = "UrbanX.Admin", "UrbanX.Admin", "{115FC2B5-3B4D-99CF-EBA6-ED09E85DF8F0}"
EndProject
Project("{FAE04EC0-301F-11D3-BF4B-00C04F79EFBC}") = "UrbanX.Admin", "src\Frontend\UrbanX.Admin\UrbanX.Admin\UrbanX.Admin.csproj", "{3D46CF2B-5FCF-4A54-A9CB-AA280E007F52}"
EndProject
Project("{FAE04EC0-301F-11D3-BF4B-00C04F79EFBC}") = "UrbanX.Admin.Client", "src\Frontend\UrbanX.Admin\UrbanX.Admin.Client\UrbanX.Admin.Client.csproj", "{C7671E92-EE23-4392-94C9-0E08128847C7}"
EndProject
Global
	GlobalSection(SolutionConfigurationPlatforms) = preSolution
		Debug|Any CPU = Debug|Any CPU
		Debug|x64 = Debug|x64
		Debug|x86 = Debug|x86
		Release|Any CPU = Release|Any CPU
		Release|x64 = Release|x64
		Release|x86 = Release|x86
	EndGlobalSection
	GlobalSection(ProjectConfigurationPlatforms) = postSolution
		{BC4CCB0B-46BB-4EA4-BFE9-3EEEC895CD04}.Debug|Any CPU.ActiveCfg = Debug|Any CPU
		{BC4CCB0B-46BB-4EA4-BFE9-3EEEC895CD04}.Debug|Any CPU.Build.0 = Debug|Any CPU
		{BC4CCB0B-46BB-4EA4-BFE9-3EEEC895CD04}.Debug|x64.ActiveCfg = Debug|Any CPU
		{BC4CCB0B-46BB-4EA4-BFE9-3EEEC895CD04}.Debug|x64.Build.0 = Debug|Any CPU
		{BC4CCB0B-46BB-4EA4-BFE9-3EEEC895CD04}.Debug|x86.ActiveCfg = Debug|Any CPU
		{BC4CCB0B-46BB-4EA4-BFE9-3EEEC895CD04}.Debug|x86.Build.0 = Debug|Any CPU
		{BC4CCB0B-46BB-4EA4-BFE9-3EEEC895CD04}.Release|Any CPU.ActiveCfg = Release|Any CPU
		{BC4CCB0B-46BB-4EA4-BFE9-3EEEC895CD04}.Release|Any CPU.Build.0 = Release|Any CPU
		{BC4CCB0B-46BB-4EA4-BFE9-3EEEC895CD04}.Release|x64.ActiveCfg = Release|Any CPU
		{BC4CCB0B-46BB-4EA4-BFE9-3EEEC895CD04}.Release|x64.Build.0 = Release|Any CPU
		{BC4CCB0B-46BB-4EA4-BFE9-3EEEC895CD04}.Release|x86.ActiveCfg = Release|Any CPU
		{BC4CCB0B-46BB-4EA4-BFE9-3EEEC895CD04}.Release|x86.Build.0 = Release|Any CPU
		{B1BCBFDD-3885-4983-9669-351EE4A2747A}.Debug|Any CPU.ActiveCfg = Debug|Any CPU
		{B1BCBFDD-3885-4983-9669-351EE4A2747A}.Debug|Any CPU.Build.0 = Debug|Any CPU
		{B1BCBFDD-3885-4983-9669-351EE4A2747A}.Debug|x64.ActiveCfg = Debug|Any CPU
		{B1BCBFDD-3885-4983-9669-351EE4A2747A}.Debug|x64.Build.0 = Debug|Any CPU
		{B1BCBFDD-3885-4983-9669-351EE4A2747A}.Debug|x86.ActiveCfg = Debug|Any CPU
		{B1BCBFDD-3885-4983-9669-351EE4A2747A}.Debug|x86.Build.0 = Debug|Any CPU
		{B1BCBFDD-3885-4983-9669-351EE4A2747A}.Release|Any CPU.ActiveCfg = Release|Any CPU
		{B1BCBFDD-3885-4983-9669-351EE4A2747A}.Release|Any CPU.Build.0 = Release|Any CPU
		{B1BCBFDD-3885-4983-9669-351EE4A2747A}.Release|x64.ActiveCfg = Release|Any CPU
		{B1BCBFDD-3885-4983-9669-351EE4A2747A}.Release|x64.Build.0 = Release|Any CPU
		{B1BCBFDD-3885-4983-9669-351EE4A2747A}.Release|x86.ActiveCfg = Release|Any CPU
		{B1BCBFDD-3885-4983-9669-351EE4A2747A}.Release|x86.Build.0 = Release|Any CPU
		{2879BE0C-33C6-4A94-B8E4-7E9DB5BEB654}.Debug|Any CPU.ActiveCfg = Debug|Any CPU
		{2879BE0C-33C6-4A94-B8E4-7E9DB5BEB654}.Debug|Any CPU.Build.0 = Debug|Any CPU
		{2879BE0C-33C6-4A94-B8E4-7E9DB5BEB654}.Debug|x64.ActiveCfg = Debug|Any CPU
		{2879BE0C-33C6-4A94-B8E4-7E9DB5BEB654}.Debug|x64.Build.0 = Debug|Any CPU
		{2879BE0C-33C6-4A94-B8E4-7E9DB5BEB654}.Debug|x86.ActiveCfg = Debug|Any CPU
		{2879BE0C-33C6-4A94-B8E4-7E9DB5BEB654}.Debug|x86.Build.0 = Debug|Any CPU
		{2879BE0C-33C6-4A94-B8E4-7E9DB5BEB654}.Release|Any CPU.ActiveCfg = Release|Any CPU
		{2879BE0C-33C6-4A94-B8E4-7E9DB5BEB654}.Release|Any CPU.Build.0 = Release|Any CPU
		{2879BE0C-33C6-4A94-B8E4-7E9DB5BEB654}.Release|x64.ActiveCfg = Release|Any CPU
		{2879BE0C-33C6-4A94-B8E4-7E9DB5BEB654}.Release|x64.Build.0 = Release|Any CPU
		{2879BE0C-33C6-4A94-B8E4-7E9DB5BEB654}.Release|x86.ActiveCfg = Release|Any CPU
		{2879BE0C-33C6-4A94-B8E4-7E9DB5BEB654}.Release|x86.Build.0 = Release|Any CPU
		{4B7214FB-5E70-4039-8993-356E9DB34D23}.Debug|Any CPU.ActiveCfg = Debug|Any CPU
		{4B7214FB-5E70-4039-8993-356E9DB34D23}.Debug|Any CPU.Build.0 = Debug|Any CPU
		{4B7214FB-5E70-4039-8993-356E9DB34D23}.Debug|x64.ActiveCfg = Debug|Any CPU
		{4B7214FB-5E70-4039-8993-356E9DB34D23}.Debug|x64.Build.0 = Debug|Any CPU
		{4B7214FB-5E70-4039-8993-356E9DB34D23}.Debug|x86.ActiveCfg = Debug|Any CPU
		{4B7214FB-5E70-4039-8993-356E9DB34D23}.Debug|x86.Build.0 = Debug|Any CPU
		{4B7214FB-5E70-4039-8993-356E9DB34D23}.Release|Any CPU.ActiveCfg = Release|Any CPU
		{4B7214FB-5E70-4039-8993-356E9DB34D23}.Release|Any CPU.Build.0 = Release|Any CPU
		{4B7214FB-5E70-4039-8993-356E9DB34D23}.Release|x64.ActiveCfg = Release|Any CPU
		{4B7214FB-5E70-4039-8993-356E9DB34D23}.Release|x64.Build.0 = Release|Any CPU
		{4B7214FB-5E70-4039-8993-356E9DB34D23}.Release|x86.ActiveCfg = Release|Any CPU
		{4B7214FB-5E70-4039-8993-356E9DB34D23}.Release|x86.Build.0 = Release|Any CPU
		{9E27A629-FA81-4C87-9061-DDC4BE03472C}.Debug|Any CPU.ActiveCfg = Debug|Any CPU
		{9E27A629-FA81-4C87-9061-DDC4BE03472C}.Debug|Any CPU.Build.0 = Debug|Any CPU
		{9E27A629-FA81-4C87-9061-DDC4BE03472C}.Debug|x64.ActiveCfg = Debug|Any CPU
		{9E27A629-FA81-4C87-9061-DDC4BE03472C}.Debug|x64.Build.0 = Debug|Any CPU
		{9E27A629-FA81-4C87-9061-DDC4BE03472C}.Debug|x86.ActiveCfg = Debug|Any CPU
		{9E27A629-FA81-4C87-9061-DDC4BE03472C}.Debug|x86.Build.0 = Debug|Any CPU
		{9E27A629-FA81-4C87-9061-DDC4BE03472C}.Release|Any CPU.ActiveCfg = Release|Any CPU
		{9E27A629-FA81-4C87-9061-DDC4BE03472C}.Release|Any CPU.Build.0 = Release|Any CPU
		{9E27A629-FA81-4C87-9061-DDC4BE03472C}.Release|x64.ActiveCfg = Release|Any CPU
		{9E27A629-FA81-4C87-9061-DDC4BE03472C}.Release|x64.Build.0 = Release|Any CPU
		{9E27A629-FA81-4C87-9061-DDC4BE03472C}.Release|x86.ActiveCfg = Release|Any CPU
		{9E27A629-FA81-4C87-9061-DDC4BE03472C}.Release|x86.Build.0 = Release|Any CPU
		{6F2ED2EC-4242-4503-9594-1798CD55A4B5}.Debug|Any CPU.ActiveCfg = Debug|Any CPU
		{6F2ED2EC-4242-4503-9594-1798CD55A4B5}.Debug|Any CPU.Build.0 = Debug|Any CPU
		{6F2ED2EC-4242-4503-9594-1798CD55A4B5}.Debug|x64.ActiveCfg = Debug|Any CPU
		{6F2ED2EC-4242-4503-9594-1798CD55A4B5}.Debug|x64.Build.0 = Debug|Any CPU
		{6F2ED2EC-4242-4503-9594-1798CD55A4B5}.Debug|x86.ActiveCfg = Debug|Any CPU
		{6F2ED2EC-4242-4503-9594-1798CD55A4B5}.Debug|x86.Build.0 = Debug|Any CPU
		{6F2ED2EC-4242-4503-9594-1798CD55A4B5}.Release|Any CPU.ActiveCfg = Release|Any CPU
		{6F2ED2EC-4242-4503-9594-1798CD55A4B5}.Release|Any CPU.Build.0 = Release|Any CPU
		{6F2ED2EC-4242-4503-9594-1798CD55A4B5}.Release|x64.ActiveCfg = Release|Any CPU
		{6F2ED2EC-4242-4503-9594-1798CD55A4B5}.Release|x64.Build.0 = Release|Any CPU
		{6F2ED2EC-4242-4503-9594-1798CD55A4B5}.Release|x86.ActiveCfg = Release|Any CPU
		{6F2ED2EC-4242-4503-9594-1798CD55A4B5}.Release|x86.Build.0 = Release|Any CPU
		{D16719B7-B33D-4A3C-A081-1235C14264E6}.Debug|Any CPU.ActiveCfg = Debug|Any CPU
		{D16719B7-B33D-4A3C-A081-1235C14264E6}.Debug|Any CPU.Build.0 = Debug|Any CPU
		{D16719B7-B33D-4A3C-A081-1235C14264E6}.Debug|x64.ActiveCfg = Debug|Any CPU
		{D16719B7-B33D-4A3C-A081-1235C14264E6}.Debug|x64.Build.0 = Debug|Any CPU
		{D16719B7-B33D-4A3C-A081-1235C14264E6}.Debug|x86.ActiveCfg = Debug|Any CPU
		{D16719B7-B33D-4A3C-A081-1235C14264E6}.Debug|x86.Build.0 = Debug|Any CPU
		{D16719B7-B33D-4A3C-A081-1235C14264E6}.Release|Any CPU.ActiveCfg = Release|Any CPU
		{D16719B7-B33D-4A3C-A081-1235C14264E6}.Release|Any CPU.Build.0 = Release|Any CPU
		{D16719B7-B33D-4A3C-A081-1235C14264E6}.Release|x64.ActiveCfg = Release|Any CPU
		{D16719B7-B33D-4A3C-A081-1235C14264E6}.Release|x64.Build.0 = Release|Any CPU
		{D16719B7-B33D-4A3C-A081-1235C14264E6}.Release|x86.ActiveCfg = Release|Any CPU
		{D16719B7-B33D-4A3C-A081-1235C14264E6}.Release|x86.Build.0 = Release|Any CPU
		{FBE7D688-46EE-4CF7-A5E5-AFC13CB0F6D5}.Debug|Any CPU.ActiveCfg = Debug|Any CPU
		{FBE7D688-46EE-4CF7-A5E5-AFC13CB0F6D5}.Debug|Any CPU.Build.0 = Debug|Any CPU
		{FBE7D688-46EE-4CF7-A5E5-AFC13CB0F6D5}.Debug|x64.ActiveCfg = Debug|Any CPU
		{FBE7D688-46EE-4CF7-A5E5-AFC13CB0F6D5}.Debug|x64.Build.0 = Debug|Any CPU
		{FBE7D688-46EE-4CF7-A5E5-AFC13CB0F6D5}.Debug|x86.ActiveCfg = Debug|Any CPU
		{FBE7D688-46EE-4CF7-A5E5-AFC13CB0F6D5}.Debug|x86.Build.0 = Debug|Any CPU
		{FBE7D688-46EE-4CF7-A5E5-AFC13CB0F6D5}.Release|Any CPU.ActiveCfg = Release|Any CPU
		{FBE7D688-46EE-4CF7-A5E5-AFC13CB0F6D5}.Release|Any CPU.Build.0 = Release|Any CPU
		{FBE7D688-46EE-4CF7-A5E5-AFC13CB0F6D5}.Release|x64.ActiveCfg = Release|Any CPU
		{FBE7D688-46EE-4CF7-A5E5-AFC13CB0F6D5}.Release|x64.Build.0 = Release|Any CPU
		{FBE7D688-46EE-4CF7-A5E5-AFC13CB0F6D5}.Release|x86.ActiveCfg = Release|Any CPU
		{FBE7D688-46EE-4CF7-A5E5-AFC13CB0F6D5}.Release|x86.Build.0 = Release|Any CPU
		{396317A6-ABA3-4922-A650-CAF13C48F82E}.Debug|Any CPU.ActiveCfg = Debug|Any CPU
		{396317A6-ABA3-4922-A650-CAF13C48F82E}.Debug|Any CPU.Build.0 = Debug|Any CPU
		{396317A6-ABA3-4922-A650-CAF13C48F82E}.Debug|x64.ActiveCfg = Debug|Any CPU
		{396317A6-ABA3-4922-A650-CAF13C48F82E}.Debug|x64.Build.0 = Debug|Any CPU
		{396317A6-ABA3-4922-A650-CAF13C48F82E}.Debug|x86.ActiveCfg = Debug|Any CPU
		{396317A6-ABA3-4922-A650-CAF13C48F82E}.Debug|x86.Build.0 = Debug|Any CPU
		{396317A6-ABA3-4922-A650-CAF13C48F82E}.Release|Any CPU.ActiveCfg = Release|Any CPU
		{396317A6-ABA3-4922-A650-CAF13C48F82E}.Release|Any CPU.Build.0 = Release|Any CPU
		{396317A6-ABA3-4922-A650-CAF13C48F82E}.Release|x64.ActiveCfg = Release|Any CPU
		{396317A6-ABA3-4922-A650-CAF13C48F82E}.Release|x64.Build.0 = Release|Any CPU
		{396317A6-ABA3-4922-A650-CAF13C48F82E}.Release|x86.ActiveCfg = Release|Any CPU
		{396317A6-ABA3-4922-A650-CAF13C48F82E}.Release|x86.Build.0 = Release|Any CPU
		{39273CDB-1B72-427B-BB27-62DE55C88F1A}.Debug|Any CPU.ActiveCfg = Debug|Any CPU
		{39273CDB-1B72-427B-BB27-62DE55C88F1A}.Debug|Any CPU.Build.0 = Debug|Any CPU
		{39273CDB-1B72-427B-BB27-62DE55C88F1A}.Debug|x64.ActiveCfg = Debug|Any CPU
		{39273CDB-1B72-427B-BB27-62DE55C88F1A}.Debug|x64.Build.0 = Debug|Any CPU
		{39273CDB-1B72-427B-BB27-62DE55C88F1A}.Debug|x86.ActiveCfg = Debug|Any CPU
		{39273CDB-1B72-427B-BB27-62DE55C88F1A}.Debug|x86.Build.0 = Debug|Any CPU
		{39273CDB-1B72-427B-BB27-62DE55C88F1A}.Release|Any CPU.ActiveCfg = Release|Any CPU
		{39273CDB-1B72-427B-BB27-62DE55C88F1A}.Release|Any CPU.Build.0 = Release|Any CPU
		{39273CDB-1B72-427B-BB27-62DE55C88F1A}.Release|x64.ActiveCfg = Release|Any CPU
		{39273CDB-1B72-427B-BB27-62DE55C88F1A}.Release|x64.Build.0 = Release|Any CPU
		{39273CDB-1B72-427B-BB27-62DE55C88F1A}.Release|x86.ActiveCfg = Release|Any CPU
		{39273CDB-1B72-427B-BB27-62DE55C88F1A}.Release|x86.Build.0 = Release|Any CPU
		{E0F049E8-73D4-4D72-93FC-96E365195778}.Debug|Any CPU.ActiveCfg = Debug|Any CPU
		{E0F049E8-73D4-4D72-93FC-96E365195778}.Debug|Any CPU.Build.0 = Debug|Any CPU
		{E0F049E8-73D4-4D72-93FC-96E365195778}.Debug|x64.ActiveCfg = Debug|Any CPU
		{E0F049E8-73D4-4D72-93FC-96E365195778}.Debug|x64.Build.0 = Debug|Any CPU
		{E0F049E8-73D4-4D72-93FC-96E365195778}.Debug|x86.ActiveCfg = Debug|Any CPU
		{E0F049E8-73D4-4D72-93FC-96E365195778}.Debug|x86.Build.0 = Debug|Any CPU
		{E0F049E8-73D4-4D72-93FC-96E365195778}.Release|Any CPU.ActiveCfg = Release|Any CPU
		{E0F049E8-73D4-4D72-93FC-96E365195778}.Release|Any CPU.Build.0 = Release|Any CPU
		{E0F049E8-73D4-4D72-93FC-96E365195778}.Release|x64.ActiveCfg = Release|Any CPU
		{E0F049E8-73D4-4D72-93FC-96E365195778}.Release|x64.Build.0 = Release|Any CPU
		{E0F049E8-73D4-4D72-93FC-96E365195778}.Release|x86.ActiveCfg = Release|Any CPU
		{E0F049E8-73D4-4D72-93FC-96E365195778}.Release|x86.Build.0 = Release|Any CPU
		{B62F6A8F-685D-49F8-B567-CA908D81F277}.Debug|Any CPU.ActiveCfg = Debug|Any CPU
		{B62F6A8F-685D-49F8-B567-CA908D81F277}.Debug|Any CPU.Build.0 = Debug|Any CPU
		{B62F6A8F-685D-49F8-B567-CA908D81F277}.Debug|x64.ActiveCfg = Debug|Any CPU
		{B62F6A8F-685D-49F8-B567-CA908D81F277}.Debug|x64.Build.0 = Debug|Any CPU
		{B62F6A8F-685D-49F8-B567-CA908D81F277}.Debug|x86.ActiveCfg = Debug|Any CPU
		{B62F6A8F-685D-49F8-B567-CA908D81F277}.Debug|x86.Build.0 = Debug|Any CPU
		{B62F6A8F-685D-49F8-B567-CA908D81F277}.Release|Any CPU.ActiveCfg = Release|Any CPU
		{B62F6A8F-685D-49F8-B567-CA908D81F277}.Release|Any CPU.Build.0 = Release|Any CPU
		{B62F6A8F-685D-49F8-B567-CA908D81F277}.Release|x64.ActiveCfg = Release|Any CPU
		{B62F6A8F-685D-49F8-B567-CA908D81F277}.Release|x64.Build.0 = Release|Any CPU
		{B62F6A8F-685D-49F8-B567-CA908D81F277}.Release|x86.ActiveCfg = Release|Any CPU
		{B62F6A8F-685D-49F8-B567-CA908D81F277}.Release|x86.Build.0 = Release|Any CPU
		{2F45872C-C43A-41C0-8F90-0BB06EA6F829}.Debug|Any CPU.ActiveCfg = Debug|Any CPU
		{2F45872C-C43A-41C0-8F90-0BB06EA6F829}.Debug|Any CPU.Build.0 = Debug|Any CPU
		{2F45872C-C43A-41C0-8F90-0BB06EA6F829}.Debug|x64.ActiveCfg = Debug|Any CPU
		{2F45872C-C43A-41C0-8F90-0BB06EA6F829}.Debug|x64.Build.0 = Debug|Any CPU
		{2F45872C-C43A-41C0-8F90-0BB06EA6F829}.Debug|x86.ActiveCfg = Debug|Any CPU
		{2F45872C-C43A-41C0-8F90-0BB06EA6F829}.Debug|x86.Build.0 = Debug|Any CPU
		{2F45872C-C43A-41C0-8F90-0BB06EA6F829}.Release|Any CPU.ActiveCfg = Release|Any CPU
		{2F45872C-C43A-41C0-8F90-0BB06EA6F829}.Release|Any CPU.Build.0 = Release|Any CPU
		{2F45872C-C43A-41C0-8F90-0BB06EA6F829}.Release|x64.ActiveCfg = Release|Any CPU
		{2F45872C-C43A-41C0-8F90-0BB06EA6F829}.Release|x64.Build.0 = Release|Any CPU
		{2F45872C-C43A-41C0-8F90-0BB06EA6F829}.Release|x86.ActiveCfg = Release|Any CPU
		{2F45872C-C43A-41C0-8F90-0BB06EA6F829}.Release|x86.Build.0 = Release|Any CPU
		{047C0B25-7454-4EA3-8417-5B0F3B227DA4}.Debug|Any CPU.ActiveCfg = Debug|Any CPU
		{047C0B25-7454-4EA3-8417-5B0F3B227DA4}.Debug|Any CPU.Build.0 = Debug|Any CPU
		{047C0B25-7454-4EA3-8417-5B0F3B227DA4}.Debug|x64.ActiveCfg = Debug|Any CPU
		{047C0B25-7454-4EA3-8417-5B0F3B227DA4}.Debug|x64.Build.0 = Debug|Any CPU
		{047C0B25-7454-4EA3-8417-5B0F3B227DA4}.Debug|x86.ActiveCfg = Debug|Any CPU
		{047C0B25-7454-4EA3-8417-5B0F3B227DA4}.Debug|x86.Build.0 = Debug|Any CPU
		{047C0B25-7454-4EA3-8417-5B0F3B227DA4}.Release|Any CPU.ActiveCfg = Release|Any CPU
		{047C0B25-7454-4EA3-8417-5B0F3B227DA4}.Release|Any CPU.Build.0 = Release|Any CPU
		{047C0B25-7454-4EA3-8417-5B0F3B227DA4}.Release|x64.ActiveCfg = Release|Any CPU
		{047C0B25-7454-4EA3-8417-5B0F3B227DA4}.Release|x64.Build.0 = Release|Any CPU
		{047C0B25-7454-4EA3-8417-5B0F3B227DA4}.Release|x86.ActiveCfg = Release|Any CPU
		{047C0B25-7454-4EA3-8417-5B0F3B227DA4}.Release|x86.Build.0 = Release|Any CPU
		{70BE84F2-FCDD-48DB-8F50-21C0997AC651}.Debug|Any CPU.ActiveCfg = Debug|Any CPU
		{70BE84F2-FCDD-48DB-8F50-21C0997AC651}.Debug|Any CPU.Build.0 = Debug|Any CPU
		{70BE84F2-FCDD-48DB-8F50-21C0997AC651}.Debug|x64.ActiveCfg = Debug|Any CPU
		{70BE84F2-FCDD-48DB-8F50-21C0997AC651}.Debug|x64.Build.0 = Debug|Any CPU
		{70BE84F2-FCDD-48DB-8F50-21C0997AC651}.Debug|x86.ActiveCfg = Debug|Any CPU
		{70BE84F2-FCDD-48DB-8F50-21C0997AC651}.Debug|x86.Build.0 = Debug|Any CPU
		{70BE84F2-FCDD-48DB-8F50-21C0997AC651}.Release|Any CPU.ActiveCfg = Release|Any CPU
		{70BE84F2-FCDD-48DB-8F50-21C0997AC651}.Release|Any CPU.Build.0 = Release|Any CPU
		{70BE84F2-FCDD-48DB-8F50-21C0997AC651}.Release|x64.ActiveCfg = Release|Any CPU
		{70BE84F2-FCDD-48DB-8F50-21C0997AC651}.Release|x64.Build.0 = Release|Any CPU
		{70BE84F2-FCDD-48DB-8F50-21C0997AC651}.Release|x86.ActiveCfg = Release|Any CPU
		{70BE84F2-FCDD-48DB-8F50-21C0997AC651}.Release|x86.Build.0 = Release|Any CPU
		{8D914193-3B58-4831-A63A-5C8DA2F7A23E}.Debug|Any CPU.ActiveCfg = Debug|Any CPU
		{8D914193-3B58-4831-A63A-5C8DA2F7A23E}.Debug|Any CPU.Build.0 = Debug|Any CPU
		{8D914193-3B58-4831-A63A-5C8DA2F7A23E}.Debug|x64.ActiveCfg = Debug|Any CPU
		{8D914193-3B58-4831-A63A-5C8DA2F7A23E}.Debug|x64.Build.0 = Debug|Any CPU
		{8D914193-3B58-4831-A63A-5C8DA2F7A23E}.Debug|x86.ActiveCfg = Debug|Any CPU
		{8D914193-3B58-4831-A63A-5C8DA2F7A23E}.Debug|x86.Build.0 = Debug|Any CPU
		{8D914193-3B58-4831-A63A-5C8DA2F7A23E}.Release|Any CPU.ActiveCfg = Release|Any CPU
		{8D914193-3B58-4831-A63A-5C8DA2F7A23E}.Release|Any CPU.Build.0 = Release|Any CPU
		{8D914193-3B58-4831-A63A-5C8DA2F7A23E}.Release|x64.ActiveCfg = Release|Any CPU
		{8D914193-3B58-4831-A63A-5C8DA2F7A23E}.Release|x64.Build.0 = Release|Any CPU
		{8D914193-3B58-4831-A63A-5C8DA2F7A23E}.Release|x86.ActiveCfg = Release|Any CPU
		{8D914193-3B58-4831-A63A-5C8DA2F7A23E}.Release|x86.Build.0 = Release|Any CPU
		{649B809F-AF89-48D0-A89D-74B01C4DE83E}.Debug|Any CPU.ActiveCfg = Debug|Any CPU
		{649B809F-AF89-48D0-A89D-74B01C4DE83E}.Debug|Any CPU.Build.0 = Debug|Any CPU
		{649B809F-AF89-48D0-A89D-74B01C4DE83E}.Debug|x64.ActiveCfg = Debug|Any CPU
		{649B809F-AF89-48D0-A89D-74B01C4DE83E}.Debug|x64.Build.0 = Debug|Any CPU
		{649B809F-AF89-48D0-A89D-74B01C4DE83E}.Debug|x86.ActiveCfg = Debug|Any CPU
		{649B809F-AF89-48D0-A89D-74B01C4DE83E}.Debug|x86.Build.0 = Debug|Any CPU
		{649B809F-AF89-48D0-A89D-74B01C4DE83E}.Release|Any CPU.ActiveCfg = Release|Any CPU
		{649B809F-AF89-48D0-A89D-74B01C4DE83E}.Release|Any CPU.Build.0 = Release|Any CPU
		{649B809F-AF89-48D0-A89D-74B01C4DE83E}.Release|x64.ActiveCfg = Release|Any CPU
		{649B809F-AF89-48D0-A89D-74B01C4DE83E}.Release|x64.Build.0 = Release|Any CPU
		{649B809F-AF89-48D0-A89D-74B01C4DE83E}.Release|x86.ActiveCfg = Release|Any CPU
		{649B809F-AF89-48D0-A89D-74B01C4DE83E}.Release|x86.Build.0 = Release|Any CPU
		{83801BE0-73F0-4CB3-9091-2839F296151F}.Debug|Any CPU.ActiveCfg = Debug|Any CPU
		{83801BE0-73F0-4CB3-9091-2839F296151F}.Debug|Any CPU.Build.0 = Debug|Any CPU
		{83801BE0-73F0-4CB3-9091-2839F296151F}.Debug|x64.ActiveCfg = Debug|Any CPU
		{83801BE0-73F0-4CB3-9091-2839F296151F}.Debug|x64.Build.0 = Debug|Any CPU
		{83801BE0-73F0-4CB3-9091-2839F296151F}.Debug|x86.ActiveCfg = Debug|Any CPU
		{83801BE0-73F0-4CB3-9091-2839F296151F}.Debug|x86.Build.0 = Debug|Any CPU
		{83801BE0-73F0-4CB3-9091-2839F296151F}.Release|Any CPU.ActiveCfg = Release|Any CPU
		{83801BE0-73F0-4CB3-9091-2839F296151F}.Release|Any CPU.Build.0 = Release|Any CPU
		{83801BE0-73F0-4CB3-9091-2839F296151F}.Release|x64.ActiveCfg = Release|Any CPU
		{83801BE0-73F0-4CB3-9091-2839F296151F}.Release|x64.Build.0 = Release|Any CPU
		{83801BE0-73F0-4CB3-9091-2839F296151F}.Release|x86.ActiveCfg = Release|Any CPU
		{83801BE0-73F0-4CB3-9091-2839F296151F}.Release|x86.Build.0 = Release|Any CPU
		{9DC4A4C6-8214-43EC-B555-E03AC1469F1A}.Debug|Any CPU.ActiveCfg = Debug|Any CPU
		{9DC4A4C6-8214-43EC-B555-E03AC1469F1A}.Debug|Any CPU.Build.0 = Debug|Any CPU
		{9DC4A4C6-8214-43EC-B555-E03AC1469F1A}.Debug|x64.ActiveCfg = Debug|Any CPU
		{9DC4A4C6-8214-43EC-B555-E03AC1469F1A}.Debug|x64.Build.0 = Debug|Any CPU
		{9DC4A4C6-8214-43EC-B555-E03AC1469F1A}.Debug|x86.ActiveCfg = Debug|Any CPU
		{9DC4A4C6-8214-43EC-B555-E03AC1469F1A}.Debug|x86.Build.0 = Debug|Any CPU
		{9DC4A4C6-8214-43EC-B555-E03AC1469F1A}.Release|Any CPU.ActiveCfg = Release|Any CPU
		{9DC4A4C6-8214-43EC-B555-E03AC1469F1A}.Release|Any CPU.Build.0 = Release|Any CPU
		{9DC4A4C6-8214-43EC-B555-E03AC1469F1A}.Release|x64.ActiveCfg = Release|Any CPU
		{9DC4A4C6-8214-43EC-B555-E03AC1469F1A}.Release|x64.Build.0 = Release|Any CPU
		{9DC4A4C6-8214-43EC-B555-E03AC1469F1A}.Release|x86.ActiveCfg = Release|Any CPU
		{9DC4A4C6-8214-43EC-B555-E03AC1469F1A}.Release|x86.Build.0 = Release|Any CPU
		{50265244-C78F-4C1D-B0D8-0A0A6862F047}.Debug|Any CPU.ActiveCfg = Debug|Any CPU
		{50265244-C78F-4C1D-B0D8-0A0A6862F047}.Debug|Any CPU.Build.0 = Debug|Any CPU
		{50265244-C78F-4C1D-B0D8-0A0A6862F047}.Debug|x64.ActiveCfg = Debug|Any CPU
		{50265244-C78F-4C1D-B0D8-0A0A6862F047}.Debug|x64.Build.0 = Debug|Any CPU
		{50265244-C78F-4C1D-B0D8-0A0A6862F047}.Debug|x86.ActiveCfg = Debug|Any CPU
		{50265244-C78F-4C1D-B0D8-0A0A6862F047}.Debug|x86.Build.0 = Debug|Any CPU
		{50265244-C78F-4C1D-B0D8-0A0A6862F047}.Release|Any CPU.ActiveCfg = Release|Any CPU
		{50265244-C78F-4C1D-B0D8-0A0A6862F047}.Release|Any CPU.Build.0 = Release|Any CPU
		{50265244-C78F-4C1D-B0D8-0A0A6862F047}.Release|x64.ActiveCfg = Release|Any CPU
		{50265244-C78F-4C1D-B0D8-0A0A6862F047}.Release|x64.Build.0 = Release|Any CPU
		{50265244-C78F-4C1D-B0D8-0A0A6862F047}.Release|x86.ActiveCfg = Release|Any CPU
		{50265244-C78F-4C1D-B0D8-0A0A6862F047}.Release|x86.Build.0 = Release|Any CPU
		{EE2ADC8B-25F5-47D4-A1B5-01FE9E162232}.Debug|Any CPU.ActiveCfg = Debug|Any CPU
		{EE2ADC8B-25F5-47D4-A1B5-01FE9E162232}.Debug|Any CPU.Build.0 = Debug|Any CPU
		{EE2ADC8B-25F5-47D4-A1B5-01FE9E162232}.Debug|x64.ActiveCfg = Debug|Any CPU
		{EE2ADC8B-25F5-47D4-A1B5-01FE9E162232}.Debug|x64.Build.0 = Debug|Any CPU
		{EE2ADC8B-25F5-47D4-A1B5-01FE9E162232}.Debug|x86.ActiveCfg = Debug|Any CPU
		{EE2ADC8B-25F5-47D4-A1B5-01FE9E162232}.Debug|x86.Build.0 = Debug|Any CPU
		{EE2ADC8B-25F5-47D4-A1B5-01FE9E162232}.Release|Any CPU.ActiveCfg = Release|Any CPU
		{EE2ADC8B-25F5-47D4-A1B5-01FE9E162232}.Release|Any CPU.Build.0 = Release|Any CPU
		{EE2ADC8B-25F5-47D4-A1B5-01FE9E162232}.Release|x64.ActiveCfg = Release|Any CPU
		{EE2ADC8B-25F5-47D4-A1B5-01FE9E162232}.Release|x64.Build.0 = Release|Any CPU
		{EE2ADC8B-25F5-47D4-A1B5-01FE9E162232}.Release|x86.ActiveCfg = Release|Any CPU
		{EE2ADC8B-25F5-47D4-A1B5-01FE9E162232}.Release|x86.Build.0 = Release|Any CPU
		{3D46CF2B-5FCF-4A54-A9CB-AA280E007F52}.Debug|Any CPU.ActiveCfg = Debug|Any CPU
		{3D46CF2B-5FCF-4A54-A9CB-AA280E007F52}.Debug|Any CPU.Build.0 = Debug|Any CPU
		{3D46CF2B-5FCF-4A54-A9CB-AA280E007F52}.Debug|x64.ActiveCfg = Debug|Any CPU
		{3D46CF2B-5FCF-4A54-A9CB-AA280E007F52}.Debug|x64.Build.0 = Debug|Any CPU
		{3D46CF2B-5FCF-4A54-A9CB-AA280E007F52}.Debug|x86.ActiveCfg = Debug|Any CPU
		{3D46CF2B-5FCF-4A54-A9CB-AA280E007F52}.Debug|x86.Build.0 = Debug|Any CPU
		{3D46CF2B-5FCF-4A54-A9CB-AA280E007F52}.Release|Any CPU.ActiveCfg = Release|Any CPU
		{3D46CF2B-5FCF-4A54-A9CB-AA280E007F52}.Release|Any CPU.Build.0 = Release|Any CPU
		{3D46CF2B-5FCF-4A54-A9CB-AA280E007F52}.Release|x64.ActiveCfg = Release|Any CPU
		{3D46CF2B-5FCF-4A54-A9CB-AA280E007F52}.Release|x64.Build.0 = Release|Any CPU
		{3D46CF2B-5FCF-4A54-A9CB-AA280E007F52}.Release|x86.ActiveCfg = Release|Any CPU
		{3D46CF2B-5FCF-4A54-A9CB-AA280E007F52}.Release|x86.Build.0 = Release|Any CPU
		{C7671E92-EE23-4392-94C9-0E08128847C7}.Debug|Any CPU.ActiveCfg = Debug|Any CPU
		{C7671E92-EE23-4392-94C9-0E08128847C7}.Debug|Any CPU.Build.0 = Debug|Any CPU
		{C7671E92-EE23-4392-94C9-0E08128847C7}.Debug|x64.ActiveCfg = Debug|Any CPU
		{C7671E92-EE23-4392-94C9-0E08128847C7}.Debug|x64.Build.0 = Debug|Any CPU
		{C7671E92-EE23-4392-94C9-0E08128847C7}.Debug|x86.ActiveCfg = Debug|Any CPU
		{C7671E92-EE23-4392-94C9-0E08128847C7}.Debug|x86.Build.0 = Debug|Any CPU
		{C7671E92-EE23-4392-94C9-0E08128847C7}.Release|Any CPU.ActiveCfg = Release|Any CPU
		{C7671E92-EE23-4392-94C9-0E08128847C7}.Release|Any CPU.Build.0 = Release|Any CPU
		{C7671E92-EE23-4392-94C9-0E08128847C7}.Release|x64.ActiveCfg = Release|Any CPU
		{C7671E92-EE23-4392-94C9-0E08128847C7}.Release|x64.Build.0 = Release|Any CPU
		{C7671E92-EE23-4392-94C9-0E08128847C7}.Release|x86.ActiveCfg = Release|Any CPU
		{C7671E92-EE23-4392-94C9-0E08128847C7}.Release|x86.Build.0 = Release|Any CPU
	EndGlobalSection
	GlobalSection(SolutionProperties) = preSolution
		HideSolutionNode = FALSE
	EndGlobalSection
	GlobalSection(NestedProjects) = preSolution
		{984BB9B3-3FA3-BE33-9484-CAC21695A33C} = {827E0CD3-B72D-47B6-A68D-7590B98EB39B}
		{C91C1CF1-1625-0789-F869-53D87D6277BA} = {984BB9B3-3FA3-BE33-9484-CAC21695A33C}
		{BC4CCB0B-46BB-4EA4-BFE9-3EEEC895CD04} = {C91C1CF1-1625-0789-F869-53D87D6277BA}
		{B851199A-4979-E597-3D50-97AC5992BBAF} = {984BB9B3-3FA3-BE33-9484-CAC21695A33C}
		{B1BCBFDD-3885-4983-9669-351EE4A2747A} = {B851199A-4979-E597-3D50-97AC5992BBAF}
		{402C50A5-F0DB-B2D0-D80B-AD8725DE1589} = {984BB9B3-3FA3-BE33-9484-CAC21695A33C}
		{2879BE0C-33C6-4A94-B8E4-7E9DB5BEB654} = {402C50A5-F0DB-B2D0-D80B-AD8725DE1589}
		{3FB03296-F262-2760-9861-73C41AF3766C} = {984BB9B3-3FA3-BE33-9484-CAC21695A33C}
		{4B7214FB-5E70-4039-8993-356E9DB34D23} = {3FB03296-F262-2760-9861-73C41AF3766C}
		{1BFC9479-12BF-35C3-06B8-42D89D95092B} = {984BB9B3-3FA3-BE33-9484-CAC21695A33C}
		{9E27A629-FA81-4C87-9061-DDC4BE03472C} = {1BFC9479-12BF-35C3-06B8-42D89D95092B}
		{6306A8FB-679E-111F-6585-8F70E0EE6013} = {827E0CD3-B72D-47B6-A68D-7590B98EB39B}
		{6F2ED2EC-4242-4503-9594-1798CD55A4B5} = {6306A8FB-679E-111F-6585-8F70E0EE6013}
		{C8E42992-5E42-0C2B-DBFE-AA848D06431C} = {827E0CD3-B72D-47B6-A68D-7590B98EB39B}
		{D16719B7-B33D-4A3C-A081-1235C14264E6} = {C8E42992-5E42-0C2B-DBFE-AA848D06431C}
		{63882A7C-90E5-DEE3-63BB-E6ABDBC8A365} = {827E0CD3-B72D-47B6-A68D-7590B98EB39B}
		{FBE7D688-46EE-4CF7-A5E5-AFC13CB0F6D5} = {63882A7C-90E5-DEE3-63BB-E6ABDBC8A365}
		{5FC1494C-0D8C-79D1-FFF2-37E95F57AB9F} = {827E0CD3-B72D-47B6-A68D-7590B98EB39B}
		{396317A6-ABA3-4922-A650-CAF13C48F82E} = {5FC1494C-0D8C-79D1-FFF2-37E95F57AB9F}
		{39273CDB-1B72-427B-BB27-62DE55C88F1A} = {0AB3BF05-4346-4AA6-1389-037BE0695223}
		{E0F049E8-73D4-4D72-93FC-96E365195778} = {0AB3BF05-4346-4AA6-1389-037BE0695223}
		{B62F6A8F-685D-49F8-B567-CA908D81F277} = {0AB3BF05-4346-4AA6-1389-037BE0695223}
		{2F45872C-C43A-41C0-8F90-0BB06EA6F829} = {0AB3BF05-4346-4AA6-1389-037BE0695223}
		{047C0B25-7454-4EA3-8417-5B0F3B227DA4} = {0AB3BF05-4346-4AA6-1389-037BE0695223}
		{70BE84F2-FCDD-48DB-8F50-21C0997AC651} = {0AB3BF05-4346-4AA6-1389-037BE0695223}
		{8D914193-3B58-4831-A63A-5C8DA2F7A23E} = {0AB3BF05-4346-4AA6-1389-037BE0695223}
		{649B809F-AF89-48D0-A89D-74B01C4DE83E} = {0AB3BF05-4346-4AA6-1389-037BE0695223}
		{83801BE0-73F0-4CB3-9091-2839F296151F} = {0AB3BF05-4346-4AA6-1389-037BE0695223}
		{42299874-777B-F2D0-9D08-D24097ABCE7E} = {827E0CD3-B72D-47B6-A68D-7590B98EB39B}
		{F2B5AF3E-F4AB-EDEA-A92F-4D1219C52347} = {42299874-777B-F2D0-9D08-D24097ABCE7E}
		{9DC4A4C6-8214-43EC-B555-E03AC1469F1A} = {F2B5AF3E-F4AB-EDEA-A92F-4D1219C52347}
		{50265244-C78F-4C1D-B0D8-0A0A6862F047} = {F2B5AF3E-F4AB-EDEA-A92F-4D1219C52347}
		{EE2ADC8B-25F5-47D4-A1B5-01FE9E162232} = {0AB3BF05-4346-4AA6-1389-037BE0695223}
		{115FC2B5-3B4D-99CF-EBA6-ED09E85DF8F0} = {42299874-777B-F2D0-9D08-D24097ABCE7E}
		{3D46CF2B-5FCF-4A54-A9CB-AA280E007F52} = {115FC2B5-3B4D-99CF-EBA6-ED09E85DF8F0}
		{C7671E92-EE23-4392-94C9-0E08128847C7} = {115FC2B5-3B4D-99CF-EBA6-ED09E85DF8F0}
	EndGlobalSection
EndGlobal
